{
  "version": 4,
  "terraform_version": "0.13.2",
  "serial": 5,
  "lineage": "53defc35-fe13-2584-c8ec-93be6f12f5d5",
  "outputs": {},
  "resources": [
    {
      "mode": "managed",
      "type": "aws_iam_policy",
      "name": "lgtmoon_s3_policy",
      "provider": "provider[\"registry.terraform.io/hashicorp/aws\"]",
      "instances": [
        {
          "schema_version": 0,
          "attributes": {
            "arn": "arn:aws:iam::038863151084:policy/LGTMoonDevS3FullAccess",
            "description": "for upload to LGTMoon S3 bucket",
            "id": "arn:aws:iam::038863151084:policy/LGTMoonDevS3FullAccess",
            "name": "LGTMoonDevS3FullAccess",
            "name_prefix": null,
            "path": "/",
            "policy": "{\n  \"Version\": \"2012-10-17\",\n  \"Statement\": [\n    {\n      \"Effect\": \"Allow\",\n      \"Action\": \"s3:*\",\n      \"Resource\": \"arn:aws:s3:::lgtmoon-dev/*\"\n    }\n  ]\n}\n"
          },
          "private": "bnVsbA=="
        }
      ]
    },
    {
      "mode": "managed",
      "type": "aws_iam_user",
      "name": "lgtmoon_user",
      "provider": "provider[\"registry.terraform.io/hashicorp/aws\"]",
      "instances": [
        {
          "schema_version": 0,
          "attributes": {
            "arn": "arn:aws:iam::038863151084:user/lgtmoon_dev",
            "force_destroy": false,
            "id": "lgtmoon_dev",
            "name": "lgtmoon_dev",
            "path": "/",
            "permissions_boundary": null,
            "tags": null,
            "unique_id": "AIDAQSDDMT7WEX4DO2WTZ"
          },
          "private": "bnVsbA=="
        }
      ]
    },
    {
      "mode": "managed",
      "type": "aws_iam_user_policy_attachment",
      "name": "lgtmoon_s3_policy_attach",
      "provider": "provider[\"registry.terraform.io/hashicorp/aws\"]",
      "instances": [
        {
          "schema_version": 0,
          "attributes": {
            "id": "lgtmoon_dev-20200917224122880600000001",
            "policy_arn": "arn:aws:iam::038863151084:policy/LGTMoonDevS3FullAccess",
            "user": "lgtmoon_dev"
          },
          "private": "bnVsbA==",
          "dependencies": [
            "aws_iam_policy.lgtmoon_s3_policy",
            "aws_iam_user.lgtmoon_user"
          ]
        }
      ]
    },
    {
      "mode": "managed",
      "type": "aws_s3_bucket",
      "name": "lgtmoon_bucket",
      "provider": "provider[\"registry.terraform.io/hashicorp/aws\"]",
      "instances": [
        {
          "schema_version": 0,
          "attributes": {
            "acceleration_status": "",
            "acl": "private",
            "arn": "arn:aws:s3:::lgtmoon-dev",
            "bucket": "lgtmoon-dev",
            "bucket_domain_name": "lgtmoon-dev.s3.amazonaws.com",
            "bucket_prefix": null,
            "bucket_regional_domain_name": "lgtmoon-dev.s3.ap-northeast-1.amazonaws.com",
            "cors_rule": [],
            "force_destroy": false,
            "grant": [],
            "hosted_zone_id": "Z2M4EHUR26P7ZW",
            "id": "lgtmoon-dev",
            "lifecycle_rule": [],
            "logging": [],
            "object_lock_configuration": [],
            "policy": null,
            "region": "ap-northeast-1",
            "replication_configuration": [],
            "request_payer": "BucketOwner",
            "server_side_encryption_configuration": [],
            "tags": null,
            "versioning": [
              {
                "enabled": false,
                "mfa_delete": false
              }
            ],
            "website": [],
            "website_domain": null,
            "website_endpoint": null
          },
          "private": "bnVsbA=="
        }
      ]
    }
  ]
}
